
Microsoft Visual Studio Solution File, Format Version 12.00
# Visual Studio Version 17
VisualStudioVersion = 17.8.34511.84
MinimumVisualStudioVersion = 10.0.40219.1
Project("{FAE04EC0-301F-11D3-BF4B-00C04F79EFBC}") = "Sistema", "Sistema.csproj", "{DE714885-076B-47E8-926C-477D60FD119F}"
EndProject
Global
	GlobalSection(SolutionConfigurationPlatforms) = preSolution
		Debug|Any CPU = Debug|Any CPU
		Release|Any CPU = Release|Any CPU
	EndGlobalSection
	GlobalSection(ProjectConfigurationPlatforms) = postSolution
		{DE714885-076B-47E8-926C-477D60FD119F}.Debug|Any CPU.ActiveCfg = Debug|Any CPU
		{DE714885-076B-47E8-926C-477D60FD119F}.Debug|Any CPU.Build.0 = Debug|Any CPU
		{DE714885-076B-47E8-926C-477D60FD119F}.Release|Any CPU.ActiveCfg = Release|Any CPU
		{DE714885-076B-47E8-926C-477D60FD119F}.Release|Any CPU.Build.0 = Release|Any CPU
	EndGlobalSection
	GlobalSection(SolutionProperties) = preSolution
		HideSolutionNode = FALSE
	EndGlobalSection
	GlobalSection(ExtensibilityGlobals) = postSolution
		SolutionGuid = {34A780C7-406D-4B09-A6DE-E5858B6B0960}
	EndGlobalSection
EndGlobal
